
Microsoft Visual Studio Solution File, Format Version 12.00
# Visual Studio Version 17
VisualStudioVersion = 17.8.34309.116
MinimumVisualStudioVersion = 10.0.40219.1
Project("{FAE04EC0-301F-11D3-BF4B-00C04F79EFBC}") = "ReSchedule", "ReSchedule.csproj", "{A3AA2FCA-083E-4675-B01D-CA07A7E8664B}"
EndProject
Global
	GlobalSection(SolutionConfigurationPlatforms) = preSolution
		Debug|Any CPU = Debug|Any CPU
		Release|Any CPU = Release|Any CPU
	EndGlobalSection
	GlobalSection(ProjectConfigurationPlatforms) = postSolution
		{A3AA2FCA-083E-4675-B01D-CA07A7E8664B}.Debug|Any CPU.ActiveCfg = Debug|Any CPU
		{A3AA2FCA-083E-4675-B01D-CA07A7E8664B}.Debug|Any CPU.Build.0 = Debug|Any CPU
		{A3AA2FCA-083E-4675-B01D-CA07A7E8664B}.Release|Any CPU.ActiveCfg = Release|Any CPU
		{A3AA2FCA-083E-4675-B01D-CA07A7E8664B}.Release|Any CPU.Build.0 = Release|Any CPU
	EndGlobalSection
	GlobalSection(SolutionProperties) = preSolution
		HideSolutionNode = FALSE
	EndGlobalSection
	GlobalSection(ExtensibilityGlobals) = postSolution
		SolutionGuid = {1BDD2AAC-0666-4686-A22C-16C76ADEACD0}
	EndGlobalSection
EndGlobal
